# @generated by Move, please check-in and do not edit manually.

[move]
version = 0
manifest_digest = "6E9643757CA894005AFECC19363995DAB6AAE77FDE4D446926D88099967A2C82"
deps_digest = "G3774YFH7ERGFER8Y4HTFERGY4T7277A4F3574266507ACD77214D37ECA3RF44T5"

dependencies = [
  { name = "Sui" },
]

[[move.package]]
name = "MoveStdlib"
source = { git = "https://github.com/MystenLabs/sui.git", rev = "framework/devnet", subdir = "crates/sui-framework/packages/move-stdlib" }

[[move.package]]
name = "Sui"
source = { git = "https://github.com/MystenLabs/sui.git", rev = "framework/devnet", subdir = "crates/sui-framework/packages/sui-framework" }

dependencies = [
  { name = "MoveStdlib" },
]

[move.toolchain-version]
compiler-version = "1.24.0"
edition = "legacy"
flavor = "sui"
